
Microsoft Visual Studio Solution File, Format Version 12.00
# Visual Studio 15
VisualStudioVersion = 15.0.27130.0
MinimumVisualStudioVersion = 10.0.40219.1
Project("{FAE04EC0-301F-11D3-BF4B-00C04F79EFBC}") = "Argon", "Argon\Argon.csproj", "{308E16C2-8CB4-4FF8-A487-CD7C10E1ECC9}"
EndProject
Project("{FAE04EC0-301F-11D3-BF4B-00C04F79EFBC}") = "ArgonSvc", "ArgonSvc\ArgonSvc.csproj", "{A2342110-1A6C-48AD-AED7-6386C4F22BB9}"
EndProject
Global
	GlobalSection(SolutionConfigurationPlatforms) = preSolution
		Debug|Any CPU = Debug|Any CPU
		Debug|x64 = Debug|x64
		Debug|x86 = Debug|x86
		Release|Any CPU = Release|Any CPU
		Release|x64 = Release|x64
		Release|x86 = Release|x86
	EndGlobalSection
	GlobalSection(ProjectConfigurationPlatforms) = postSolution
		{308E16C2-8CB4-4FF8-A487-CD7C10E1ECC9}.Debug|Any CPU.ActiveCfg = Debug|Any CPU
		{308E16C2-8CB4-4FF8-A487-CD7C10E1ECC9}.Debug|Any CPU.Build.0 = Debug|Any CPU
		{308E16C2-8CB4-4FF8-A487-CD7C10E1ECC9}.Debug|x64.ActiveCfg = Debug|Any CPU
		{308E16C2-8CB4-4FF8-A487-CD7C10E1ECC9}.Debug|x64.Build.0 = Debug|Any CPU
		{308E16C2-8CB4-4FF8-A487-CD7C10E1ECC9}.Debug|x86.ActiveCfg = Debug|Any CPU
		{308E16C2-8CB4-4FF8-A487-CD7C10E1ECC9}.Debug|x86.Build.0 = Debug|Any CPU
		{308E16C2-8CB4-4FF8-A487-CD7C10E1ECC9}.Release|Any CPU.ActiveCfg = Release|Any CPU
		{308E16C2-8CB4-4FF8-A487-CD7C10E1ECC9}.Release|Any CPU.Build.0 = Release|Any CPU
		{308E16C2-8CB4-4FF8-A487-CD7C10E1ECC9}.Release|x64.ActiveCfg = Release|Any CPU
		{308E16C2-8CB4-4FF8-A487-CD7C10E1ECC9}.Release|x64.Build.0 = Release|Any CPU
		{308E16C2-8CB4-4FF8-A487-CD7C10E1ECC9}.Release|x86.ActiveCfg = Release|Any CPU
		{308E16C2-8CB4-4FF8-A487-CD7C10E1ECC9}.Release|x86.Build.0 = Release|Any CPU
		{A2342110-1A6C-48AD-AED7-6386C4F22BB9}.Debug|Any CPU.ActiveCfg = Debug|Any CPU
		{A2342110-1A6C-48AD-AED7-6386C4F22BB9}.Debug|Any CPU.Build.0 = Debug|Any CPU
		{A2342110-1A6C-48AD-AED7-6386C4F22BB9}.Debug|x64.ActiveCfg = Debug|Any CPU
		{A2342110-1A6C-48AD-AED7-6386C4F22BB9}.Debug|x64.Build.0 = Debug|Any CPU
		{A2342110-1A6C-48AD-AED7-6386C4F22BB9}.Debug|x86.ActiveCfg = Debug|Any CPU
		{A2342110-1A6C-48AD-AED7-6386C4F22BB9}.Debug|x86.Build.0 = Debug|Any CPU
		{A2342110-1A6C-48AD-AED7-6386C4F22BB9}.Release|Any CPU.ActiveCfg = Release|Any CPU
		{A2342110-1A6C-48AD-AED7-6386C4F22BB9}.Release|Any CPU.Build.0 = Release|Any CPU
		{A2342110-1A6C-48AD-AED7-6386C4F22BB9}.Release|x64.ActiveCfg = Release|Any CPU
		{A2342110-1A6C-48AD-AED7-6386C4F22BB9}.Release|x64.Build.0 = Release|Any CPU
		{A2342110-1A6C-48AD-AED7-6386C4F22BB9}.Release|x86.ActiveCfg = Release|Any CPU
		{A2342110-1A6C-48AD-AED7-6386C4F22BB9}.Release|x86.Build.0 = Release|Any CPU
	EndGlobalSection
	GlobalSection(SolutionProperties) = preSolution
		HideSolutionNode = FALSE
	EndGlobalSection
	GlobalSection(ExtensibilityGlobals) = postSolution
		SolutionGuid = {D59446F3-72C1-4018-B037-8A6C7D51F13C}
	EndGlobalSection
EndGlobal
